
Microsoft Visual Studio Solution File, Format Version 12.00
Project("{2150E333-8FDC-42A3-9474-1A3956D46DE8}") = "src", "src", "{BD906076-617D-44E5-AF27-D23543868D21}"
EndProject
Project("{FAE04EC0-301F-11D3-BF4B-00C04F79EFBC}") = "PersistedCache", "src\PersistedCache\PersistedCache.csproj", "{8A9F2660-8E83-416E-919B-02243E2E0E6D}"
EndProject
Project("{FAE04EC0-301F-11D3-BF4B-00C04F79EFBC}") = "PersistedCache.MySql", "src\PersistedCache.MySql\PersistedCache.MySql.csproj", "{F9DB67A9-06B8-4431-A870-F2AAF2A10096}"
EndProject
Project("{2150E333-8FDC-42A3-9474-1A3956D46DE8}") = "examples", "examples", "{BB31D9B5-D15B-4FA1-B4CF-9F4DE99EBF0E}"
EndProject
Project("{2150E333-8FDC-42A3-9474-1A3956D46DE8}") = "items", "items", "{B0F17FEC-8E2A-4254-BC80-41C73168D427}"
	ProjectSection(SolutionItems) = preProject
		docker-compose.yml = docker-compose.yml
		.gitignore = .gitignore
		README.md = README.md
	EndProjectSection
EndProject
Project("{FAE04EC0-301F-11D3-BF4B-00C04F79EFBC}") = "PersistedCache.Example", "examples\PersistedCache.Example\PersistedCache.Example.csproj", "{9204C5DC-8D53-44BE-B2EF-E615EF6C90DA}"
EndProject
Project("{2150E333-8FDC-42A3-9474-1A3956D46DE8}") = "tests", "tests", "{BDD6C6DE-583C-4794-A9C8-F40C41108066}"
EndProject
Project("{FAE04EC0-301F-11D3-BF4B-00C04F79EFBC}") = "PersistedCache.Tests", "tests\PersistedCache.Tests\PersistedCache.Tests.csproj", "{23E966F7-B47B-4DC6-96BD-1BCEEE73E957}"
EndProject
Project("{FAE04EC0-301F-11D3-BF4B-00C04F79EFBC}") = "PersistedCache.PostgreSql", "src\PersistedCache.PostgreSql\PersistedCache.PostgreSql.csproj", "{738745FD-612E-4553-B8C0-41FFE8F492DC}"
EndProject
Project("{FAE04EC0-301F-11D3-BF4B-00C04F79EFBC}") = "PersistedCache.SqlServer", "src\PersistedCache.SqlServer\PersistedCache.SqlServer.csproj", "{A2841E19-4673-4EFF-B107-43AD4115F30F}"
EndProject
Project("{FAE04EC0-301F-11D3-BF4B-00C04F79EFBC}") = "PersistedCache.FileSystem", "src\PersistedCache.FileSystem\PersistedCache.FileSystem.csproj", "{8BBCC92D-6F90-47C9-BB2C-64ACAE364157}"
EndProject
Global
	GlobalSection(SolutionConfigurationPlatforms) = preSolution
		Debug|Any CPU = Debug|Any CPU
		Release|Any CPU = Release|Any CPU
	EndGlobalSection
	GlobalSection(ProjectConfigurationPlatforms) = postSolution
		{8A9F2660-8E83-416E-919B-02243E2E0E6D}.Debug|Any CPU.ActiveCfg = Debug|Any CPU
		{8A9F2660-8E83-416E-919B-02243E2E0E6D}.Debug|Any CPU.Build.0 = Debug|Any CPU
		{8A9F2660-8E83-416E-919B-02243E2E0E6D}.Release|Any CPU.ActiveCfg = Release|Any CPU
		{8A9F2660-8E83-416E-919B-02243E2E0E6D}.Release|Any CPU.Build.0 = Release|Any CPU
		{F9DB67A9-06B8-4431-A870-F2AAF2A10096}.Debug|Any CPU.ActiveCfg = Debug|Any CPU
		{F9DB67A9-06B8-4431-A870-F2AAF2A10096}.Debug|Any CPU.Build.0 = Debug|Any CPU
		{F9DB67A9-06B8-4431-A870-F2AAF2A10096}.Release|Any CPU.ActiveCfg = Release|Any CPU
		{F9DB67A9-06B8-4431-A870-F2AAF2A10096}.Release|Any CPU.Build.0 = Release|Any CPU
		{9204C5DC-8D53-44BE-B2EF-E615EF6C90DA}.Debug|Any CPU.ActiveCfg = Debug|Any CPU
		{9204C5DC-8D53-44BE-B2EF-E615EF6C90DA}.Debug|Any CPU.Build.0 = Debug|Any CPU
		{9204C5DC-8D53-44BE-B2EF-E615EF6C90DA}.Release|Any CPU.ActiveCfg = Release|Any CPU
		{9204C5DC-8D53-44BE-B2EF-E615EF6C90DA}.Release|Any CPU.Build.0 = Release|Any CPU
		{23E966F7-B47B-4DC6-96BD-1BCEEE73E957}.Debug|Any CPU.ActiveCfg = Debug|Any CPU
		{23E966F7-B47B-4DC6-96BD-1BCEEE73E957}.Debug|Any CPU.Build.0 = Debug|Any CPU
		{23E966F7-B47B-4DC6-96BD-1BCEEE73E957}.Release|Any CPU.ActiveCfg = Release|Any CPU
		{23E966F7-B47B-4DC6-96BD-1BCEEE73E957}.Release|Any CPU.Build.0 = Release|Any CPU
		{738745FD-612E-4553-B8C0-41FFE8F492DC}.Debug|Any CPU.ActiveCfg = Debug|Any CPU
		{738745FD-612E-4553-B8C0-41FFE8F492DC}.Debug|Any CPU.Build.0 = Debug|Any CPU
		{738745FD-612E-4553-B8C0-41FFE8F492DC}.Release|Any CPU.ActiveCfg = Release|Any CPU
		{738745FD-612E-4553-B8C0-41FFE8F492DC}.Release|Any CPU.Build.0 = Release|Any CPU
		{A2841E19-4673-4EFF-B107-43AD4115F30F}.Debug|Any CPU.ActiveCfg = Debug|Any CPU
		{A2841E19-4673-4EFF-B107-43AD4115F30F}.Debug|Any CPU.Build.0 = Debug|Any CPU
		{A2841E19-4673-4EFF-B107-43AD4115F30F}.Release|Any CPU.ActiveCfg = Release|Any CPU
		{A2841E19-4673-4EFF-B107-43AD4115F30F}.Release|Any CPU.Build.0 = Release|Any CPU
		{8BBCC92D-6F90-47C9-BB2C-64ACAE364157}.Debug|Any CPU.ActiveCfg = Debug|Any CPU
		{8BBCC92D-6F90-47C9-BB2C-64ACAE364157}.Debug|Any CPU.Build.0 = Debug|Any CPU
		{8BBCC92D-6F90-47C9-BB2C-64ACAE364157}.Release|Any CPU.ActiveCfg = Release|Any CPU
		{8BBCC92D-6F90-47C9-BB2C-64ACAE364157}.Release|Any CPU.Build.0 = Release|Any CPU
	EndGlobalSection
	GlobalSection(NestedProjects) = preSolution
		{8A9F2660-8E83-416E-919B-02243E2E0E6D} = {BD906076-617D-44E5-AF27-D23543868D21}
		{F9DB67A9-06B8-4431-A870-F2AAF2A10096} = {BD906076-617D-44E5-AF27-D23543868D21}
		{9204C5DC-8D53-44BE-B2EF-E615EF6C90DA} = {BB31D9B5-D15B-4FA1-B4CF-9F4DE99EBF0E}
		{23E966F7-B47B-4DC6-96BD-1BCEEE73E957} = {BDD6C6DE-583C-4794-A9C8-F40C41108066}
		{738745FD-612E-4553-B8C0-41FFE8F492DC} = {BD906076-617D-44E5-AF27-D23543868D21}
		{A2841E19-4673-4EFF-B107-43AD4115F30F} = {BD906076-617D-44E5-AF27-D23543868D21}
		{8BBCC92D-6F90-47C9-BB2C-64ACAE364157} = {BD906076-617D-44E5-AF27-D23543868D21}
	EndGlobalSection
EndGlobal
